// !$*UTF8*$!
{
	archiveVersion = 1;
	classes = {
	};
	objectVersion = 55;
	objects = {

/* Begin PBXBuildFile section */
		CB68330D28505BBD00366004 /* AppDelegate.swift in Sources */ = {isa = PBXBuildFile; fileRef = CB68330C28505BBD00366004 /* AppDelegate.swift */; };
		CB68330F28505BBD00366004 /* SceneDelegate.swift in Sources */ = {isa = PBXBuildFile; fileRef = CB68330E28505BBD00366004 /* SceneDelegate.swift */; };
		CB68331128505BBD00366004 /* ViewController.swift in Sources */ = {isa = PBXBuildFile; fileRef = CB68331028505BBD00366004 /* ViewController.swift */; };
		CB68331428505BBD00366004 /* Main.storyboard in Resources */ = {isa = PBXBuildFile; fileRef = CB68331228505BBD00366004 /* Main.storyboard */; };
		CB68331628505BBE00366004 /* Assets.xcassets in Resources */ = {isa = PBXBuildFile; fileRef = CB68331528505BBE00366004 /* Assets.xcassets */; };
		CB68331928505BBE00366004 /* LaunchScreen.storyboard in Resources */ = {isa = PBXBuildFile; fileRef = CB68331728505BBE00366004 /* LaunchScreen.storyboard */; };
		CB68332628505DB000366004 /* FirstOnboardingController.swift in Sources */ = {isa = PBXBuildFile; fileRef = CB68332528505DB000366004 /* FirstOnboardingController.swift */; };
		CB68332828505EF100366004 /* Extensions.swift in Sources */ = {isa = PBXBuildFile; fileRef = CB68332728505EF100366004 /* Extensions.swift */; };
		CB68332A2850684900366004 /* SecondOnboardingController.swift in Sources */ = {isa = PBXBuildFile; fileRef = CB6833292850684900366004 /* SecondOnboardingController.swift */; };
		CB68332C28506B5C00366004 /* ThirdOnboardingController.swift in Sources */ = {isa = PBXBuildFile; fileRef = CB68332B28506B5C00366004 /* ThirdOnboardingController.swift */; };
		CB68332F28508EAE00366004 /* HomescreenController.swift in Sources */ = {isa = PBXBuildFile; fileRef = CB68332E28508EAE00366004 /* HomescreenController.swift */; };
/* End PBXBuildFile section */

/* Begin PBXFileReference section */
		CB68330928505BBD00366004 /* iOS-Onboarding-template-MVVM-Declarative.app */ = {isa = PBXFileReference; explicitFileType = wrapper.application; includeInIndex = 0; path = "iOS-Onboarding-template-MVVM-Declarative.app"; sourceTree = BUILT_PRODUCTS_DIR; };
		CB68330C28505BBD00366004 /* AppDelegate.swift */ = {isa = PBXFileReference; lastKnownFileType = sourcecode.swift; path = AppDelegate.swift; sourceTree = "<group>"; };
		CB68330E28505BBD00366004 /* SceneDelegate.swift */ = {isa = PBXFileReference; lastKnownFileType = sourcecode.swift; path = SceneDelegate.swift; sourceTree = "<group>"; };
		CB68331028505BBD00366004 /* ViewController.swift */ = {isa = PBXFileReference; lastKnownFileType = sourcecode.swift; path = ViewController.swift; sourceTree = "<group>"; };
		CB68331328505BBD00366004 /* Base */ = {isa = PBXFileReference; lastKnownFileType = file.storyboard; name = Base; path = Base.lproj/Main.storyboard; sourceTree = "<group>"; };
		CB68331528505BBE00366004 /* Assets.xcassets */ = {isa = PBXFileReference; lastKnownFileType = folder.assetcatalog; path = Assets.xcassets; sourceTree = "<group>"; };
		CB68331828505BBE00366004 /* Base */ = {isa = PBXFileReference; lastKnownFileType = file.storyboard; name = Base; path = Base.lproj/LaunchScreen.storyboard; sourceTree = "<group>"; };
		CB68331A28505BBE00366004 /* Info.plist */ = {isa = PBXFileReference; lastKnownFileType = text.plist.xml; path = Info.plist; sourceTree = "<group>"; };
		CB68332528505DB000366004 /* FirstOnboardingController.swift */ = {isa = PBXFileReference; lastKnownFileType = sourcecode.swift; path = FirstOnboardingController.swift; sourceTree = "<group>"; };
		CB68332728505EF100366004 /* Extensions.swift */ = {isa = PBXFileReference; lastKnownFileType = sourcecode.swift; path = Extensions.swift; sourceTree = "<group>"; };
		CB6833292850684900366004 /* SecondOnboardingController.swift */ = {isa = PBXFileReference; lastKnownFileType = sourcecode.swift; path = SecondOnboardingController.swift; sourceTree = "<group>"; };
		CB68332B28506B5C00366004 /* ThirdOnboardingController.swift */ = {isa = PBXFileReference; lastKnownFileType = sourcecode.swift; path = ThirdOnboardingController.swift; sourceTree = "<group>"; };
		CB68332E28508EAE00366004 /* HomescreenController.swift */ = {isa = PBXFileReference; lastKnownFileType = sourcecode.swift; path = HomescreenController.swift; sourceTree = "<group>"; };
/* End PBXFileReference section */

/* Begin PBXFrameworksBuildPhase section */
		CB68330628505BBD00366004 /* Frameworks */ = {
			isa = PBXFrameworksBuildPhase;
			buildActionMask = 2147483647;
			files = (
			);
			runOnlyForDeploymentPostprocessing = 0;
		};
/* End PBXFrameworksBuildPhase section */

/* Begin PBXGroup section */
		CB68330028505BBD00366004 = {
			isa = PBXGroup;
			children = (
				CB68330B28505BBD00366004 /* iOS-Onboarding-template-MVVM-Declarative */,
				CB68330A28505BBD00366004 /* Products */,
			);
			sourceTree = "<group>";
		};
		CB68330A28505BBD00366004 /* Products */ = {
			isa = PBXGroup;
			children = (
				CB68330928505BBD00366004 /* iOS-Onboarding-template-MVVM-Declarative.app */,
			);
			name = Products;
			sourceTree = "<group>";
		};
		CB68330B28505BBD00366004 /* iOS-Onboarding-template-MVVM-Declarative */ = {
			isa = PBXGroup;
			children = (
				CB68332428505D0A00366004 /* Model */,
				CB68332328505D0000366004 /* View */,
				CB68332228505CFA00366004 /* ViewModel */,
				CB68332128505CF500366004 /* Controller */,
				CB68332028505CEA00366004 /* Utils */,
				CB68330C28505BBD00366004 /* AppDelegate.swift */,
				CB68330E28505BBD00366004 /* SceneDelegate.swift */,
				CB68331028505BBD00366004 /* ViewController.swift */,
				CB68331228505BBD00366004 /* Main.storyboard */,
				CB68331528505BBE00366004 /* Assets.xcassets */,
				CB68331728505BBE00366004 /* LaunchScreen.storyboard */,
				CB68331A28505BBE00366004 /* Info.plist */,
			);
			path = "iOS-Onboarding-template-MVVM-Declarative";
			sourceTree = "<group>";
		};
		CB68332028505CEA00366004 /* Utils */ = {
			isa = PBXGroup;
			children = (
				CB68332728505EF100366004 /* Extensions.swift */,
			);
			path = Utils;
			sourceTree = "<group>";
		};
		CB68332128505CF500366004 /* Controller */ = {
			isa = PBXGroup;
			children = (
				CB68332D28508E9400366004 /* Onboarding */,
				CB68332E28508EAE00366004 /* HomescreenController.swift */,
			);
			path = Controller;
			sourceTree = "<group>";
		};
		CB68332228505CFA00366004 /* ViewModel */ = {
			isa = PBXGroup;
			children = (
			);
			path = ViewModel;
			sourceTree = "<group>";
		};
		CB68332328505D0000366004 /* View */ = {
			isa = PBXGroup;
			children = (
			);
			path = View;
			sourceTree = "<group>";
		};
		CB68332428505D0A00366004 /* Model */ = {
			isa = PBXGroup;
			children = (
			);
			path = Model;
			sourceTree = "<group>";
		};
		CB68332D28508E9400366004 /* Onboarding */ = {
			isa = PBXGroup;
			children = (
				CB68332528505DB000366004 /* FirstOnboardingController.swift */,
				CB6833292850684900366004 /* SecondOnboardingController.swift */,
				CB68332B28506B5C00366004 /* ThirdOnboardingController.swift */,
			);
			path = Onboarding;
			sourceTree = "<group>";
		};
/* End PBXGroup section */

/* Begin PBXNativeTarget section */
		CB68330828505BBD00366004 /* iOS-Onboarding-template-MVVM-Declarative */ = {
			isa = PBXNativeTarget;
			buildConfigurationList = CB68331D28505BBE00366004 /* Build configuration list for PBXNativeTarget "iOS-Onboarding-template-MVVM-Declarative" */;
			buildPhases = (
				CB68330528505BBD00366004 /* Sources */,
				CB68330628505BBD00366004 /* Frameworks */,
				CB68330728505BBD00366004 /* Resources */,
			);
			buildRules = (
			);
			dependencies = (
			);
			name = "iOS-Onboarding-template-MVVM-Declarative";
			productName = "iOS-Onboarding-template-MVVM-Declarative";
			productReference = CB68330928505BBD00366004 /* iOS-Onboarding-template-MVVM-Declarative.app */;
			productType = "com.apple.product-type.application";
		};
/* End PBXNativeTarget section */

/* Begin PBXProject section */
		CB68330128505BBD00366004 /* Project object */ = {
			isa = PBXProject;
			attributes = {
				BuildIndependentTargetsInParallel = 1;
				LastSwiftUpdateCheck = 1330;
				LastUpgradeCheck = 1330;
				TargetAttributes = {
					CB68330828505BBD00366004 = {
						CreatedOnToolsVersion = 13.3.1;
					};
				};
			};
			buildConfigurationList = CB68330428505BBD00366004 /* Build configuration list for PBXProject "iOS-Onboarding-template-MVVM-Declarative" */;
			compatibilityVersion = "Xcode 13.0";
			developmentRegion = en;
			hasScannedForEncodings = 0;
			knownRegions = (
				en,
				Base,
			);
			mainGroup = CB68330028505BBD00366004;
			productRefGroup = CB68330A28505BBD00366004 /* Products */;
			projectDirPath = "";
			projectRoot = "";
			targets = (
				CB68330828505BBD00366004 /* iOS-Onboarding-template-MVVM-Declarative */,
			);
		};
/* End PBXProject section */

/* Begin PBXResourcesBuildPhase section */
		CB68330728505BBD00366004 /* Resources */ = {
			isa = PBXResourcesBuildPhase;
			buildActionMask = 2147483647;
			files = (
				CB68331928505BBE00366004 /* LaunchScreen.storyboard in Resources */,
				CB68331628505BBE00366004 /* Assets.xcassets in Resources */,
				CB68331428505BBD00366004 /* Main.storyboard in Resources */,
			);
			runOnlyForDeploymentPostprocessing = 0;
		};
/* End PBXResourcesBuildPhase section */

/* Begin PBXSourcesBuildPhase section */
		CB68330528505BBD00366004 /* Sources */ = {
			isa = PBXSourcesBuildPhase;
			buildActionMask = 2147483647;
			files = (
				CB68332828505EF100366004 /* Extensions.swift in Sources */,
				CB68331128505BBD00366004 /* ViewController.swift in Sources */,
				CB68332F28508EAE00366004 /* HomescreenController.swift in Sources */,
				CB68332A2850684900366004 /* SecondOnboardingController.swift in Sources */,
				CB68332628505DB000366004 /* FirstOnboardingController.swift in Sources */,
				CB68330D28505BBD00366004 /* AppDelegate.swift in Sources */,
				CB68332C28506B5C00366004 /* ThirdOnboardingController.swift in Sources */,
				CB68330F28505BBD00366004 /* SceneDelegate.swift in Sources */,
			);
			runOnlyForDeploymentPostprocessing = 0;
		};
/* End PBXSourcesBuildPhase section */

/* Begin PBXVariantGroup section */
		CB68331228505BBD00366004 /* Main.storyboard */ = {
			isa = PBXVariantGroup;
			children = (
				CB68331328505BBD00366004 /* Base */,
			);
			name = Main.storyboard;
			sourceTree = "<group>";
		};
		CB68331728505BBE00366004 /* LaunchScreen.storyboard */ = {
			isa = PBXVariantGroup;
			children = (
				CB68331828505BBE00366004 /* Base */,
			);
			name = LaunchScreen.storyboard;
			sourceTree = "<group>";
		};
/* End PBXVariantGroup section */

/* Begin XCBuildConfiguration section */
		CB68331B28505BBE00366004 /* Debug */ = {
			isa = XCBuildConfiguration;
			buildSettings = {
				ALWAYS_SEARCH_USER_PATHS = NO;
				CLANG_ANALYZER_NONNULL = YES;
				CLANG_ANALYZER_NUMBER_OBJECT_CONVERSION = YES_AGGRESSIVE;
				CLANG_CXX_LANGUAGE_STANDARD = "gnu++17";
				CLANG_ENABLE_MODULES = YES;
				CLANG_ENABLE_OBJC_ARC = YES;
				CLANG_ENABLE_OBJC_WEAK = YES;
				CLANG_WARN_BLOCK_CAPTURE_AUTORELEASING = YES;
				CLANG_WARN_BOOL_CONVERSION = YES;
				CLANG_WARN_COMMA = YES;
				CLANG_WARN_CONSTANT_CONVERSION = YES;
				CLANG_WARN_DEPRECATED_OBJC_IMPLEMENTATIONS = YES;
				CLANG_WARN_DIRECT_OBJC_ISA_USAGE = YES_ERROR;
				CLANG_WARN_DOCUMENTATION_COMMENTS = YES;
				CLANG_WARN_EMPTY_BODY = YES;
				CLANG_WARN_ENUM_CONVERSION = YES;
				CLANG_WARN_INFINITE_RECURSION = YES;
				CLANG_WARN_INT_CONVERSION = YES;
				CLANG_WARN_NON_LITERAL_NULL_CONVERSION = YES;
				CLANG_WARN_OBJC_IMPLICIT_RETAIN_SELF = YES;
				CLANG_WARN_OBJC_LITERAL_CONVERSION = YES;
				CLANG_WARN_OBJC_ROOT_CLASS = YES_ERROR;
				CLANG_WARN_QUOTED_INCLUDE_IN_FRAMEWORK_HEADER = YES;
				CLANG_WARN_RANGE_LOOP_ANALYSIS = YES;
				CLANG_WARN_STRICT_PROTOTYPES = YES;
				CLANG_WARN_SUSPICIOUS_MOVE = YES;
				CLANG_WARN_UNGUARDED_AVAILABILITY = YES_AGGRESSIVE;
				CLANG_WARN_UNREACHABLE_CODE = YES;
				CLANG_WARN__DUPLICATE_METHOD_MATCH = YES;
				COPY_PHASE_STRIP = NO;
				DEBUG_INFORMATION_FORMAT = dwarf;
				ENABLE_STRICT_OBJC_MSGSEND = YES;
				ENABLE_TESTABILITY = YES;
				GCC_C_LANGUAGE_STANDARD = gnu11;
				GCC_DYNAMIC_NO_PIC = NO;
				GCC_NO_COMMON_BLOCKS = YES;
				GCC_OPTIMIZATION_LEVEL = 0;
				GCC_PREPROCESSOR_DEFINITIONS = (
					"DEBUG=1",
					"$(inherited)",
				);
				GCC_WARN_64_TO_32_BIT_CONVERSION = YES;
				GCC_WARN_ABOUT_RETURN_TYPE = YES_ERROR;
				GCC_WARN_UNDECLARED_SELECTOR = YES;
				GCC_WARN_UNINITIALIZED_AUTOS = YES_AGGRESSIVE;
				GCC_WARN_UNUSED_FUNCTION = YES;
				GCC_WARN_UNUSED_VARIABLE = YES;
				IPHONEOS_DEPLOYMENT_TARGET = 15.4;
				MTL_ENABLE_DEBUG_INFO = INCLUDE_SOURCE;
				MTL_FAST_MATH = YES;
				ONLY_ACTIVE_ARCH = YES;
				SDKROOT = iphoneos;
				SWIFT_ACTIVE_COMPILATION_CONDITIONS = DEBUG;
				SWIFT_OPTIMIZATION_LEVEL = "-Onone";
			};
			name = Debug;
		};
		CB68331C28505BBE00366004 /* Release */ = {
			isa = XCBuildConfiguration;
			buildSettings = {
				ALWAYS_SEARCH_USER_PATHS = NO;
				CLANG_ANALYZER_NONNULL = YES;
				CLANG_ANALYZER_NUMBER_OBJECT_CONVERSION = YES_AGGRESSIVE;
				CLANG_CXX_LANGUAGE_STANDARD = "gnu++17";
				CLANG_ENABLE_MODULES = YES;
				CLANG_ENABLE_OBJC_ARC = YES;
				CLANG_ENABLE_OBJC_WEAK = YES;
				CLANG_WARN_BLOCK_CAPTURE_AUTORELEASING = YES;
				CLANG_WARN_BOOL_CONVERSION = YES;
				CLANG_WARN_COMMA = YES;
				CLANG_WARN_CONSTANT_CONVERSION = YES;
				CLANG_WARN_DEPRECATED_OBJC_IMPLEMENTATIONS = YES;
				CLANG_WARN_DIRECT_OBJC_ISA_USAGE = YES_ERROR;
				CLANG_WARN_DOCUMENTATION_COMMENTS = YES;
				CLANG_WARN_EMPTY_BODY = YES;
				CLANG_WARN_ENUM_CONVERSION = YES;
				CLANG_WARN_INFINITE_RECURSION = YES;
				CLANG_WARN_INT_CONVERSION = YES;
				CLANG_WARN_NON_LITERAL_NULL_CONVERSION = YES;
				CLANG_WARN_OBJC_IMPLICIT_RETAIN_SELF = YES;
				CLANG_WARN_OBJC_LITERAL_CONVERSION = YES;
				CLANG_WARN_OBJC_ROOT_CLASS = YES_ERROR;
				CLANG_WARN_QUOTED_INCLUDE_IN_FRAMEWORK_HEADER = YES;
				CLANG_WARN_RANGE_LOOP_ANALYSIS = YES;
				CLANG_WARN_STRICT_PROTOTYPES = YES;
				CLANG_WARN_SUSPICIOUS_MOVE = YES;
				CLANG_WARN_UNGUARDED_AVAILABILITY = YES_AGGRESSIVE;
				CLANG_WARN_UNREACHABLE_CODE = YES;
				CLANG_WARN__DUPLICATE_METHOD_MATCH = YES;
				COPY_PHASE_STRIP = NO;
				DEBUG_INFORMATION_FORMAT = "dwarf-with-dsym";
				ENABLE_NS_ASSERTIONS = NO;
				ENABLE_STRICT_OBJC_MSGSEND = YES;
				GCC_C_LANGUAGE_STANDARD = gnu11;
				GCC_NO_COMMON_BLOCKS = YES;
				GCC_WARN_64_TO_32_BIT_CONVERSION = YES;
				GCC_WARN_ABOUT_RETURN_TYPE = YES_ERROR;
				GCC_WARN_UNDECLARED_SELECTOR = YES;
				GCC_WARN_UNINITIALIZED_AUTOS = YES_AGGRESSIVE;
				GCC_WARN_UNUSED_FUNCTION = YES;
				GCC_WARN_UNUSED_VARIABLE = YES;
				IPHONEOS_DEPLOYMENT_TARGET = 15.4;
				MTL_ENABLE_DEBUG_INFO = NO;
				MTL_FAST_MATH = YES;
				SDKROOT = iphoneos;
				SWIFT_COMPILATION_MODE = wholemodule;
				SWIFT_OPTIMIZATION_LEVEL = "-O";
				VALIDATE_PRODUCT = YES;
			};
			name = Release;
		};
		CB68331E28505BBE00366004 /* Debug */ = {
			isa = XCBuildConfiguration;
			buildSettings = {
				ASSETCATALOG_COMPILER_APPICON_NAME = AppIcon;
				ASSETCATALOG_COMPILER_GLOBAL_ACCENT_COLOR_NAME = AccentColor;
				CODE_SIGN_STYLE = Automatic;
				CURRENT_PROJECT_VERSION = 1;
				DEVELOPMENT_TEAM = 2CYTFH24FS;
				GENERATE_INFOPLIST_FILE = YES;
				INFOPLIST_FILE = "iOS-Onboarding-template-MVVM-Declarative/Info.plist";
				INFOPLIST_KEY_UIApplicationSupportsIndirectInputEvents = YES;
				INFOPLIST_KEY_UILaunchStoryboardName = LaunchScreen;
				INFOPLIST_KEY_UIMainStoryboardFile = Main;
				INFOPLIST_KEY_UISupportedInterfaceOrientations_iPad = "UIInterfaceOrientationPortrait UIInterfaceOrientationPortraitUpsideDown UIInterfaceOrientationLandscapeLeft UIInterfaceOrientationLandscapeRight";
				INFOPLIST_KEY_UISupportedInterfaceOrientations_iPhone = "UIInterfaceOrientationPortrait UIInterfaceOrientationLandscapeLeft UIInterfaceOrientationLandscapeRight";
				LD_RUNPATH_SEARCH_PATHS = (
					"$(inherited)",
					"@executable_path/Frameworks",
				);
				MARKETING_VERSION = 1.0;
				PRODUCT_BUNDLE_IDENTIFIER = "id.iOS-Onboarding-template-MVVM-Declarative";
				PRODUCT_NAME = "$(TARGET_NAME)";
				SWIFT_EMIT_LOC_STRINGS = YES;
				SWIFT_VERSION = 5.0;
				TARGETED_DEVICE_FAMILY = "1,2";
			};
			name = Debug;
		};
		CB68331F28505BBE00366004 /* Release */ = {
			isa = XCBuildConfiguration;
			buildSettings = {
				ASSETCATALOG_COMPILER_APPICON_NAME = AppIcon;
				ASSETCATALOG_COMPILER_GLOBAL_ACCENT_COLOR_NAME = AccentColor;
				CODE_SIGN_STYLE = Automatic;
				CURRENT_PROJECT_VERSION = 1;
				DEVELOPMENT_TEAM = 2CYTFH24FS;
				GENERATE_INFOPLIST_FILE = YES;
				INFOPLIST_FILE = "iOS-Onboarding-template-MVVM-Declarative/Info.plist";
				INFOPLIST_KEY_UIApplicationSupportsIndirectInputEvents = YES;
				INFOPLIST_KEY_UILaunchStoryboardName = LaunchScreen;
				INFOPLIST_KEY_UIMainStoryboardFile = Main;
				INFOPLIST_KEY_UISupportedInterfaceOrientations_iPad = "UIInterfaceOrientationPortrait UIInterfaceOrientationPortraitUpsideDown UIInterfaceOrientationLandscapeLeft UIInterfaceOrientationLandscapeRight";
				INFOPLIST_KEY_UISupportedInterfaceOrientations_iPhone = "UIInterfaceOrientationPortrait UIInterfaceOrientationLandscapeLeft UIInterfaceOrientationLandscapeRight";
				LD_RUNPATH_SEARCH_PATHS = (
					"$(inherited)",
					"@executable_path/Frameworks",
				);
				MARKETING_VERSION = 1.0;
				PRODUCT_BUNDLE_IDENTIFIER = "id.iOS-Onboarding-template-MVVM-Declarative";
				PRODUCT_NAME = "$(TARGET_NAME)";
				SWIFT_EMIT_LOC_STRINGS = YES;
				SWIFT_VERSION = 5.0;
				TARGETED_DEVICE_FAMILY = "1,2";
			};
			name = Release;
		};
/* End XCBuildConfiguration section */

/* Begin XCConfigurationList section */
		CB68330428505BBD00366004 /* Build configuration list for PBXProject "iOS-Onboarding-template-MVVM-Declarative" */ = {
			isa = XCConfigurationList;
			buildConfigurations = (
				CB68331B28505BBE00366004 /* Debug */,
				CB68331C28505BBE00366004 /* Release */,
			);
			defaultConfigurationIsVisible = 0;
			defaultConfigurationName = Release;
		};
		CB68331D28505BBE00366004 /* Build configuration list for PBXNativeTarget "iOS-Onboarding-template-MVVM-Declarative" */ = {
			isa = XCConfigurationList;
			buildConfigurations = (
				CB68331E28505BBE00366004 /* Debug */,
				CB68331F28505BBE00366004 /* Release */,
			);
			defaultConfigurationIsVisible = 0;
			defaultConfigurationName = Release;
		};
/* End XCConfigurationList section */
	};
	rootObject = CB68330128505BBD00366004 /* Project object */;
}
